# This is a Gradle generated file for dependency locking.
# Manual edits can break the build and are not advised.
# This file is expected to be part of source control.
ch.qos.logback:logback-classic:1.5.32=compileClasspath,runtimeClasspath
ch.qos.logback:logback-core:1.5.32=compileClasspath,runtimeClasspath
com.auth0:java-jwt:4.5.0=compileClasspath,runtimeClasspath
com.fasterxml.jackson.core:jackson-annotations:2.18.4=compileClasspath,runtimeClasspath
com.fasterxml.jackson.core:jackson-core:2.18.4.1=compileClasspath,runtimeClasspath
com.fasterxml.jackson.core:jackson-databind:2.18.4=compileClasspath,runtimeClasspath
com.fasterxml.jackson.dataformat:jackson-dataformat-yaml:2.18.4=compileClasspath,runtimeClasspath
com.fasterxml.jackson.datatype:jackson-datatype-jdk8:2.18.4=compileClasspath,runtimeClasspath
com.fasterxml.jackson.datatype:jackson-datatype-jsr310:2.18.4=compileClasspath,runtimeClasspath
com.fasterxml.jackson.module:jackson-module-kotlin:2.18.4=compileClasspath,runtimeClasspath
com.fasterxml.jackson.module:jackson-module-parameter-names:2.18.4=runtimeClasspath
com.fasterxml.jackson:jackson-bom:2.18.4.1=compileClasspath,runtimeClasspath
com.google.cloud:libraries-bom:26.59.0=compileClasspath,runtimeClasspath
com.jayway.jsonpath:json-path:2.9.0=runtimeClasspath
com.squareup.okhttp3:logging-interceptor:4.12.0=compileClasspath,runtimeClasspath
com.squareup.okhttp3:okhttp:4.12.0=compileClasspath,runtimeClasspath
com.squareup.okio:okio-jvm:3.6.0=compileClasspath,runtimeClasspath
com.squareup.okio:okio:3.6.0=compileClasspath,runtimeClasspath
commons-codec:commons-codec:1.18.0=runtimeClasspath
io.github.microutils:kotlin-logging-jvm:3.0.5=compileClasspath,runtimeClasspath
io.github.microutils:kotlin-logging:3.0.5=compileClasspath,runtimeClasspath
io.micrometer:micrometer-commons:1.15.10=compileClasspath,runtimeClasspath
io.micrometer:micrometer-core:1.15.10=compileClasspath,runtimeClasspath
io.micrometer:micrometer-jakarta9:1.15.10=compileClasspath,runtimeClasspath
io.micrometer:micrometer-observation:1.15.10=compileClasspath,runtimeClasspath
jakarta.annotation:jakarta.annotation-api:2.1.1=compileClasspath,runtimeClasspath
net.minidev:accessors-smart:2.5.2=runtimeClasspath
net.minidev:json-smart:2.5.2=runtimeClasspath
org.apache.httpcomponents.client5:httpclient5:5.5.2=runtimeClasspath
org.apache.httpcomponents.core5:httpcore5-h2:5.3.6=runtimeClasspath
org.apache.httpcomponents.core5:httpcore5:5.3.6=runtimeClasspath
org.apache.logging.log4j:log4j-api:2.24.3=compileClasspath,runtimeClasspath
org.apache.logging.log4j:log4j-to-slf4j:2.24.3=compileClasspath,runtimeClasspath
org.apache.tomcat.embed:tomcat-embed-core:10.1.53=runtimeClasspath
org.apache.tomcat.embed:tomcat-embed-el:10.1.53=runtimeClasspath
org.apache.tomcat.embed:tomcat-embed-websocket:10.1.53=runtimeClasspath
org.bouncycastle:bcprov-jdk15on:1.70=compileClasspath,runtimeClasspath
org.hashids:hashids:1.0.3=runtimeClasspath
org.hdrhistogram:HdrHistogram:2.2.2=runtimeClasspath
org.jetbrains.kotlin:kotlin-bom:2.1.21=compileClasspath,runtimeClasspath
org.jetbrains.kotlin:kotlin-reflect:2.1.21=compileClasspath,runtimeClasspath
org.jetbrains.kotlin:kotlin-stdlib-common:2.1.21=compileClasspath,runtimeClasspath
org.jetbrains.kotlin:kotlin-stdlib-jdk7:2.1.21=compileClasspath,runtimeClasspath
org.jetbrains.kotlin:kotlin-stdlib-jdk8:2.1.21=compileClasspath,runtimeClasspath
org.jetbrains.kotlin:kotlin-stdlib:2.1.21=compileClasspath,runtimeClasspath
org.jetbrains:annotations:13.0=compileClasspath,runtimeClasspath
org.json:json:20250107=runtimeClasspath
org.latencyutils:LatencyUtils:2.0.3=runtimeClasspath
org.ow2.asm:asm:9.7.1=runtimeClasspath
org.slf4j:jul-to-slf4j:2.0.17=compileClasspath,runtimeClasspath
org.slf4j:slf4j-api:2.0.17=compileClasspath,runtimeClasspath
org.springframework.boot:spring-boot-actuator-autoconfigure:3.5.13=compileClasspath,runtimeClasspath
org.springframework.boot:spring-boot-actuator:3.5.13=compileClasspath,runtimeClasspath
org.springframework.boot:spring-boot-autoconfigure:3.5.13=compileClasspath,runtimeClasspath
org.springframework.boot:spring-boot-dependencies:3.5.13=compileClasspath,runtimeClasspath
org.springframework.boot:spring-boot-starter-actuator:3.5.13=compileClasspath,runtimeClasspath
org.springframework.boot:spring-boot-starter-json:3.5.13=runtimeClasspath
org.springframework.boot:spring-boot-starter-logging:3.5.13=compileClasspath,runtimeClasspath
org.springframework.boot:spring-boot-starter-security:3.5.13=runtimeClasspath
org.springframework.boot:spring-boot-starter-tomcat:3.5.13=runtimeClasspath
org.springframework.boot:spring-boot-starter-web:3.5.13=runtimeClasspath
org.springframework.boot:spring-boot-starter:3.5.13=compileClasspath,runtimeClasspath
org.springframework.boot:spring-boot:3.5.13=compileClasspath,runtimeClasspath
org.springframework.hateoas:spring-hateoas:2.5.2=runtimeClasspath
org.springframework.plugin:spring-plugin-core:3.0.0=runtimeClasspath
org.springframework.security:spring-security-config:6.5.9=runtimeClasspath
org.springframework.security:spring-security-core:6.5.9=runtimeClasspath
org.springframework.security:spring-security-crypto:6.5.9=runtimeClasspath
org.springframework.security:spring-security-web:6.5.9=runtimeClasspath
org.springframework:spring-aop:6.2.17=compileClasspath,runtimeClasspath
org.springframework:spring-beans:6.2.17=compileClasspath,runtimeClasspath
org.springframework:spring-context:6.2.17=compileClasspath,runtimeClasspath
org.springframework:spring-core:6.2.17=compileClasspath,runtimeClasspath
org.springframework:spring-expression:6.2.17=compileClasspath,runtimeClasspath
org.springframework:spring-jcl:6.2.17=compileClasspath,runtimeClasspath
org.springframework:spring-web:6.2.17=runtimeClasspath
org.springframework:spring-webmvc:6.2.17=runtimeClasspath
org.yaml:snakeyaml:2.4=compileClasspath,runtimeClasspath
software.amazon.awssdk:bom:2.34.2=compileClasspath,runtimeClasspath
empty=
